# THIS IS AN AUTOGENERATED FILE. DO NOT EDIT THIS FILE DIRECTLY.
# yarn lockfile v1


adler-32@~1.1.0:
  version "1.1.0"
  resolved "https://registry.yarnpkg.com/adler-32/-/adler-32-1.1.0.tgz#03551a5c7f0edfbd4fc8fa12a6814978eab651c3"
  integrity sha1-A1UaXH8O371PyPoSpoFJeOq2UcM=
  dependencies:
    exit-on-epipe "~1.0.1"
    printj "~1.1.0"

ajv@^5.0.0:
  version "5.5.2"
  resolved "https://registry.yarnpkg.com/ajv/-/ajv-5.5.2.tgz#73b5eeca3fab653e3d3f9422b341ad42205dc965"
  integrity sha1-c7Xuyj+rZT49P5Qis0GtQiBdyWU=
  dependencies:
    co "^4.6.0"
    fast-deep-equal "^1.0.0"
    fast-json-stable-stringify "^2.0.0"
    json-schema-traverse "^0.3.0"

argparse@~1.0.3:
  version "1.0.10"
  resolved "https://registry.yarnpkg.com/argparse/-/argparse-1.0.10.tgz#bcd6791ea5ae09725e17e5ad988134cd40b3d911"
  integrity sha512-o5Roy6tNG4SL/FOkCAN6RzjiakZS25RLYFrcMttJqbdd8BWrnA+fGz57iN5Pb06pvBGvl5gQ0B48dJlslXvoTg==
  dependencies:
    sprintf-js "~1.0.2"

big.js@^5.2.2:
  version "5.2.2"
  resolved "https://registry.yarnpkg.com/big.js/-/big.js-5.2.2.tgz#65f0af382f578bcdc742bd9c281e9cb2d7768328"
  integrity sha512-vyL2OymJxmarO8gxMr0mhChsO9QGwhynfuu4+MHTAW6czfq9humCB7rKpUjDd9YUiDPU4mzpyupFSvOClAwbmQ==

bluebird@~3.4.0:
  version "3.4.7"
  resolved "https://registry.yarnpkg.com/bluebird/-/bluebird-3.4.7.tgz#f72d760be09b7f76d08ed8fae98b289a8d05fab3"
  integrity sha1-9y12C+Cbf3bQjtj66Ysomo0F+rM=

cfb@~0.12.0:
  version "0.12.1"
  resolved "https://registry.yarnpkg.com/cfb/-/cfb-0.12.1.tgz#57fadfa9fc31409b2ca58a4109ecaaac5ad1a4ec"
  integrity sha512-cP+4A0tTqtyza5gJwNwDetZ8FPjl0gPLE7mIxGKyUzOS6HkM23WaAWW/l3t7jIQSMqVXroa09Ey0lo7gV8LNxw==
  dependencies:
    commander "~2.11.0"
    printj "~1.1.0"

classnames@^2.2.5:
  version "2.3.1"
  resolved "https://registry.yarnpkg.com/classnames/-/classnames-2.3.1.tgz#dfcfa3891e306ec1dad105d0e88f4417b8535e8e"
  integrity sha512-OlQdbZ7gLfGarSqxesMesDa5uz7KFbID8Kpq/SxIoNGDqY8lSYs0D+hhtBXhcdB3rcbXArFr7vlHheLk1voeNA==

co@^4.6.0:
  version "4.6.0"
  resolved "https://registry.yarnpkg.com/co/-/co-4.6.0.tgz#6ea6bdf3d853ae54ccb8e47bfa0bf3f9031fb184"
  integrity sha1-bqa989hTrlTMuOR7+gvz+QMfsYQ=

codepage@~1.10.1:
  version "1.10.2"
  resolved "https://registry.yarnpkg.com/codepage/-/codepage-1.10.2.tgz#bebd25224dc626a0007ea014e076ce057374769e"
  integrity sha1-vr0lIk3GJqAAfqAU4HbOBXN0dp4=
  dependencies:
    commander "~2.11.0"
    exit-on-epipe "~1.0.1"
    voc "~1.0.0"

comma-separated-values@^3.6.4:
  version "3.6.4"
  resolved "https://registry.yarnpkg.com/comma-separated-values/-/comma-separated-values-3.6.4.tgz#c309ec7024f74b7ae19223372054242617e35bd2"
  integrity sha1-wwnscCT3S3rhkiM3IFQkJhfjW9I=

commander@~2.11.0:
  version "2.11.0"
  resolved "https://registry.yarnpkg.com/commander/-/commander-2.11.0.tgz#157152fd1e7a6c8d98a5b715cf376df928004563"
  integrity sha512-b0553uYA5YAEGgyYIGYROzKQ7X5RAqedkfjiZxwi0kL1g3bOaBNNZfYkzt/CL0umgD5wc9Jec2FbB98CjkMRvQ==

crc-32@~1.1.0:
  version "1.1.1"
  resolved "https://registry.yarnpkg.com/crc-32/-/crc-32-1.1.1.tgz#5d739d5e4c6e352ad8304d73223d483fe55adb8d"
  integrity sha1-XXOdXkxuNSrYME1zIj1IP+Va240=
  dependencies:
    exit-on-epipe "~1.0.1"
    printj "~1.1.0"

duck@^0.1.12:
  version "0.1.12"
  resolved "https://registry.yarnpkg.com/duck/-/duck-0.1.12.tgz#de7adf758421230b6d7aee799ce42670586b9efa"
  integrity sha512-wkctla1O6VfP89gQ+J/yDesM0S7B7XLXjKGzXxMDVFg7uEn706niAtyYovKbyq1oT9YwDcly721/iUWoc8MVRg==
  dependencies:
    underscore "^1.13.1"

emojis-list@^3.0.0:
  version "3.0.0"
  resolved "https://registry.yarnpkg.com/emojis-list/-/emojis-list-3.0.0.tgz#5570662046ad29e2e916e71aae260abdff4f6a78"
  integrity sha512-/kyM18EfinwXZbno9FyUGeFh87KC8HRQBQGildHZbEuRyWFOmv1U10o9BBp8XVZDVNNuQKyIGIu5ZYAAXJ0V2Q==

exit-on-epipe@~1.0.1:
  version "1.0.1"
  resolved "https://registry.yarnpkg.com/exit-on-epipe/-/exit-on-epipe-1.0.1.tgz#0bdd92e87d5285d267daa8171d0eb06159689692"
  integrity sha512-h2z5mrROTxce56S+pnvAV890uu7ls7f1kEvVGJbw1OlFH3/mlJ5bkXu0KRyW94v37zzHPiUd55iLn3DA7TjWpw==

fast-deep-equal@^1.0.0:
  version "1.1.0"
  resolved "https://registry.yarnpkg.com/fast-deep-equal/-/fast-deep-equal-1.1.0.tgz#c053477817c86b51daa853c81e059b733d023614"
  integrity sha1-wFNHeBfIa1HaqFPIHgWbcz0CNhQ=

fast-json-stable-stringify@^2.0.0:
  version "2.1.0"
  resolved "https://registry.yarnpkg.com/fast-json-stable-stringify/-/fast-json-stable-stringify-2.1.0.tgz#874bf69c6f404c2b5d99c481341399fd55892633"
  integrity sha512-lhd/wF+Lk98HZoTCtlVraHtfh5XYijIjalXck7saUtuanSDyLMxnHhSXEDJqHxD7msR8D0uCmqlkwjCV8xvwHw==

frac@~1.1.2:
  version "1.1.2"
  resolved "https://registry.yarnpkg.com/frac/-/frac-1.1.2.tgz#3d74f7f6478c88a1b5020306d747dc6313c74d0b"
  integrity sha512-w/XBfkibaTl3YDqASwfDUqkna4Z2p9cFSr1aHDt0WoMTECnRfBOv2WArlZILlqgWlmdIlALXGpM2AOhEk5W3IA==

"js-tokens@^3.0.0 || ^4.0.0":
  version "4.0.0"
  resolved "https://registry.yarnpkg.com/js-tokens/-/js-tokens-4.0.0.tgz#19203fb59991df98e3a287050d4647cdeaf32499"
  integrity sha512-RdJUflcE3cUzKiMqQgsCu06FPu9UdIJO0beYbPhHN4k6apgJtifcoCtT9bcxOpYBtpD2kCM6Sbzg4CausW/PKQ==

js-tree@^2.0.1:
  version "2.0.2"
  resolved "https://registry.yarnpkg.com/js-tree/-/js-tree-2.0.2.tgz#25cd00c55a236bd3e02578b25d1c6721803c4085"
  integrity sha512-+pqyPOy8vZXW5v+M16rpSFsUO7rtxxnDAKn70DtSkDYhlMUs7QHhprcq/b4FBCbZMeyFv2Pfg8NWgIle9qLMbw==

json-schema-traverse@^0.3.0:
  version "0.3.1"
  resolved "https://registry.yarnpkg.com/json-schema-traverse/-/json-schema-traverse-0.3.1.tgz#349a6d44c53a51de89b40805c5d5e59b417d3340"
  integrity sha1-NJptRMU6Ud6JtAgFxdXlm0F9M0A=

json5@^1.0.1:
  version "1.0.1"
  resolved "https://registry.yarnpkg.com/json5/-/json5-1.0.1.tgz#779fb0018604fa854eacbf6252180d83543e3dbe"
  integrity sha512-aKS4WQjPenRxiQsC93MNfjx+nbF4PAdYzmd/1JIj8HYzqfbu86beTuNgXDzPknWk0n0uARlyewZo4s++ES36Ow==
  dependencies:
    minimist "^1.2.0"

jszip@~2.5.0:
  version "2.5.0"
  resolved "https://registry.yarnpkg.com/jszip/-/jszip-2.5.0.tgz#7444fd8551ddf3e5da7198fea0c91bc8308cc274"
  integrity sha1-dET9hVHd8+XacZj+oMkbyDCMwnQ=
  dependencies:
    pako "~0.2.5"

loader-utils@^1.0.2:
  version "1.4.0"
  resolved "https://registry.yarnpkg.com/loader-utils/-/loader-utils-1.4.0.tgz#c579b5e34cb34b1a74edc6c1fb36bfa371d5a613"
  integrity sha512-qH0WSMBtn/oHuwjy/NucEgbx5dbxxnxup9s4PVXJUDHZBQY+s0NWA9rJf53RBnQZxfch7euUui7hpoAPvALZdA==
  dependencies:
    big.js "^5.2.2"
    emojis-list "^3.0.0"
    json5 "^1.0.1"

lodash@^3.5.0:
  version "3.10.1"
  resolved "https://registry.yarnpkg.com/lodash/-/lodash-3.10.1.tgz#5bf45e8e49ba4189e17d482789dfd15bd140b7b6"
  integrity sha1-W/Rejkm6QYnhfUgnid/RW9FAt7Y=

loose-envify@^1.4.0:
  version "1.4.0"
  resolved "https://registry.yarnpkg.com/loose-envify/-/loose-envify-1.4.0.tgz#71ee51fa7be4caec1a63839f7e682d8132d30caf"
  integrity sha512-lyuxPGr/Wfhrlem2CL/UcnUc1zcqKAImBDzukY7Y5F/yQiNdko6+fRLevlw1HgMySw7f611UIY408EtxRSoK3Q==
  dependencies:
    js-tokens "^3.0.0 || ^4.0.0"

lop@~0.4.0:
  version "0.4.1"
  resolved "https://registry.yarnpkg.com/lop/-/lop-0.4.1.tgz#744f1696ef480e68ce1947fe557b09db5af2a738"
  integrity sha512-9xyho9why2A2tzm5aIcMWKvzqKsnxrf9B5I+8O30olh6lQU8PH978LqZoI4++37RBgS1Em5i54v1TFs/3wnmXQ==
  dependencies:
    duck "^0.1.12"
    option "~0.2.1"
    underscore "^1.13.1"

mammoth@1.3.6:
  version "1.3.6"
  resolved "https://registry.yarnpkg.com/mammoth/-/mammoth-1.3.6.tgz#9469203bd338dda19ff9066a06c4257076db97c7"
  integrity sha1-lGkgO9M43aGf+QZqBsQlcHbbl8c=
  dependencies:
    argparse "~1.0.3"
    bluebird "~3.4.0"
    jszip "~2.5.0"
    lop "~0.4.0"
    path-is-absolute "^1.0.0"
    sax "~1.1.1"
    underscore "~1.6.0"
    xmlbuilder "~2.6.4"

minimist@^1.2.0:
  version "1.2.5"
  resolved "https://registry.yarnpkg.com/minimist/-/minimist-1.2.5.tgz#67d66014b66a6a8aaa0c083c5fd58df4e4e97602"
  integrity sha512-FM9nNUYrRBAELZQT3xeZQ7fmMOBg6nWNmJKTcgsJeaLstP/UODVpGsr5OhXhhXg6f+qtJ8uiZ+PUxkDWcgIXLw==

node-ensure@^0.0.0:
  version "0.0.0"
  resolved "https://registry.yarnpkg.com/node-ensure/-/node-ensure-0.0.0.tgz#ecae764150de99861ec5c810fd5d096b183932a7"
  integrity sha1-7K52QVDemYYexcgQ/V0Jaxg5Mqc=

object-assign@^4.1.1:
  version "4.1.1"
  resolved "https://registry.yarnpkg.com/object-assign/-/object-assign-4.1.1.tgz#2109adc7965887cfc05cbbd442cac8bfbb360863"
  integrity sha1-IQmtx5ZYh8/AXLvUQsrIv7s2CGM=

option@~0.2.1:
  version "0.2.4"
  resolved "https://registry.yarnpkg.com/option/-/option-0.2.4.tgz#fd475cdf98dcabb3cb397a3ba5284feb45edbfe4"
  integrity sha1-/Udc35jcq7PLOXo7pShP60Xtv+Q=

pako@~0.2.5:
  version "0.2.9"
  resolved "https://registry.yarnpkg.com/pako/-/pako-0.2.9.tgz#f3f7522f4ef782348da8161bad9ecfd51bf83a75"
  integrity sha1-8/dSL073gjSNqBYbrZ7P1Rv4OnU=

path-is-absolute@^1.0.0:
  version "1.0.1"
  resolved "https://registry.yarnpkg.com/path-is-absolute/-/path-is-absolute-1.0.1.tgz#174b9268735534ffbc7ace6bf53a5a9e1b5c5f5f"
  integrity sha1-F0uSaHNVNP+8es5r9TpanhtcX18=

pdfjs-dist@1.8.357:
  version "1.8.357"
  resolved "https://registry.yarnpkg.com/pdfjs-dist/-/pdfjs-dist-1.8.357.tgz#85c24944e81b67080656a60dd7b58f3a33fbd084"
  integrity sha1-hcJJROgbZwgGVqYN17WPOjP70IQ=
  dependencies:
    node-ensure "^0.0.0"
    worker-loader "^0.8.0"

printj@~1.1.0:
  version "1.1.2"
  resolved "https://registry.yarnpkg.com/printj/-/printj-1.1.2.tgz#d90deb2975a8b9f600fb3a1c94e3f4c53c78a222"
  integrity sha512-zA2SmoLaxZyArQTOPj5LXecR+RagfPSU5Kw1qP+jkWeNlrq+eJZyY2oS68SU1Z/7/myXM4lo9716laOFAVStCQ==

prop-types@^15.5.10, prop-types@^15.7.2:
  version "15.7.2"
  resolved "https://registry.yarnpkg.com/prop-types/-/prop-types-15.7.2.tgz#52c41e75b8c87e72b9d9360e0206b99dcbffa6c5"
  integrity sha512-8QQikdH7//R2vurIJSutZ1smHYTcLpRWEOlHnzcWHmBYrOGUysKwSsrC89BCiFj3CbrfJ/nXFdJepOVrY1GCHQ==
  dependencies:
    loose-envify "^1.4.0"
    object-assign "^4.1.1"
    react-is "^16.8.1"

react-data-grid@^5.0.5:
  version "5.0.5"
  resolved "https://registry.yarnpkg.com/react-data-grid/-/react-data-grid-5.0.5.tgz#529f5acd4750ae0461e9da66f9f30d6f597eed76"
  integrity sha512-OR4LDoOpN4yj3NexaxYFS2OEIYFUk2V5lascPTHgtTMwwkb163tEPqQSertkv2YAJu+YBzIm8epW8+UMip1LPw==

react-file-view@^1.0.0:
  version "1.0.0"
  resolved "https://registry.yarnpkg.com/react-file-view/-/react-file-view-1.0.0.tgz#7563a3f29215392ebc08d088905ae01ea7bf8bb2"
  integrity sha512-E9/pmftUzqdnqu1kNGmRL6jkc0uz5djmhbT71nlzLEGIRK1aqiQqjtF9j/tSr99l5T5MOX7Ljt1eWe+ueueiBQ==
  dependencies:
    classnames "^2.2.5"
    js-tree "^2.0.1"
    prop-types "^15.5.10"

react-file-viewer@^1.2.1:
  version "1.2.1"
  resolved "https://registry.yarnpkg.com/react-file-viewer/-/react-file-viewer-1.2.1.tgz#051d29df7077fbf160b582e56ec25dab8e13bc7a"
  integrity sha512-Hq9irsKkmXNGUOk7FBH/z/Lph4mpp3R4ySnGzhs3UEFVvHExuKhp9qPfoXUJjt/kQI5Qtrj1Y5r/fpDGkSrFyQ==
  dependencies:
    comma-separated-values "^3.6.4"
    mammoth "1.3.6"
    pdfjs-dist "1.8.357"
    prop-types "^15.5.10"
    react-data-grid "^5.0.5"
    react-visibility-sensor "^5.0.2"
    three "0.85.2"
    xlsx "^0.10.1"

react-is@^16.8.1:
  version "16.13.1"
  resolved "https://registry.yarnpkg.com/react-is/-/react-is-16.13.1.tgz#789729a4dc36de2999dc156dd6c1d9c18cea56a4"
  integrity sha512-24e6ynE2H+OKt4kqsOvNd8kBpV65zoxbA4BVsEOB3ARVWQki/DHzaUoC5KuON/BiccDaCCTZBuOcfZs70kR8bQ==

react-visibility-sensor@^5.0.2:
  version "5.1.1"
  resolved "https://registry.yarnpkg.com/react-visibility-sensor/-/react-visibility-sensor-5.1.1.tgz#5238380960d3a0b2be0b7faddff38541e337f5a9"
  integrity sha512-cTUHqIK+zDYpeK19rzW6zF9YfT4486TIgizZW53wEZ+/GPBbK7cNS0EHyJVyHYacwFEvvHLEKfgJndbemWhB/w==
  dependencies:
    prop-types "^15.7.2"

sax@~1.1.1:
  version "1.1.6"
  resolved "https://registry.yarnpkg.com/sax/-/sax-1.1.6.tgz#5d616be8a5e607d54e114afae55b7eaf2fcc3240"
  integrity sha1-XWFr6KXmB9VOEUr65Vt+ry/MMkA=

schema-utils@^0.3.0:
  version "0.3.0"
  resolved "https://registry.yarnpkg.com/schema-utils/-/schema-utils-0.3.0.tgz#f5877222ce3e931edae039f17eb3716e7137f8cf"
  integrity sha1-9YdyIs4+kx7a4DnxfrNxbnE3+M8=
  dependencies:
    ajv "^5.0.0"

sprintf-js@~1.0.2:
  version "1.0.3"
  resolved "https://registry.yarnpkg.com/sprintf-js/-/sprintf-js-1.0.3.tgz#04e6926f662895354f3dd015203633b857297e2c"
  integrity sha1-BOaSb2YolTVPPdAVIDYzuFcpfiw=

ssf@~0.10.0:
  version "0.10.3"
  resolved "https://registry.yarnpkg.com/ssf/-/ssf-0.10.3.tgz#8eae1fc29c90a552e7921208f81892d6f77acb2b"
  integrity sha512-pRuUdW0WwyB2doSqqjWyzwCD6PkfxpHAHdZp39K3dp/Hq7f+xfMwNAWIi16DyrRg4gg9c/RvLYkJTSawTPTm1w==
  dependencies:
    frac "~1.1.2"

three@0.85.2:
  version "0.85.2"
  resolved "https://registry.yarnpkg.com/three/-/three-0.85.2.tgz#8936f89c3668f7bf12f9b085ddf5dd409916ea27"
  integrity sha1-iTb4nDZo978S+bCF3fXdQJkW6ic=

underscore@^1.13.1:
  version "1.13.1"
  resolved "https://registry.yarnpkg.com/underscore/-/underscore-1.13.1.tgz#0c1c6bd2df54b6b69f2314066d65b6cde6fcf9d1"
  integrity sha512-hzSoAVtJF+3ZtiFX0VgfFPHEDRm7Y/QPjGyNo4TVdnDTdft3tr8hEkD25a1jC+TjTuE7tkHGKkhwCgs9dgBB2g==

underscore@~1.6.0:
  version "1.6.0"
  resolved "https://registry.yarnpkg.com/underscore/-/underscore-1.6.0.tgz#8b38b10cacdef63337b8b24e4ff86d45aea529a8"
  integrity sha1-izixDKze9jM3uLJOT/htRa6lKag=

voc@~1.0.0:
  version "1.0.0"
  resolved "https://registry.yarnpkg.com/voc/-/voc-1.0.0.tgz#5465c0ce11d0881f7d8e36d8ca587043f33a25ae"
  integrity sha512-mQwxWlK+zosxxDTqiFb9ZQBNgd794scgkhVwca7h9sEhvA52f3VzbOK+TOWeS8eSrFXnfuKrxElSPc5oLAetfw==

worker-loader@^0.8.0:
  version "0.8.1"
  resolved "https://registry.yarnpkg.com/worker-loader/-/worker-loader-0.8.1.tgz#e8e995331ea34df5bf68296824bfb7f0ad578d43"
  integrity sha1-6OmVMx6jTfW/aCloJL+38K1XjUM=
  dependencies:
    loader-utils "^1.0.2"
    schema-utils "^0.3.0"

xlsx@^0.10.1:
  version "0.10.9"
  resolved "https://registry.yarnpkg.com/xlsx/-/xlsx-0.10.9.tgz#2c43d8c04ec2521d61955287246ea8defe19275f"
  integrity sha1-LEPYwE7CUh1hlVKHJG6o3v4ZJ18=
  dependencies:
    adler-32 "~1.1.0"
    cfb "~0.12.0"
    codepage "~1.10.1"
    commander "~2.11.0"
    crc-32 "~1.1.0"
    exit-on-epipe "~1.0.1"
    ssf "~0.10.0"

xmlbuilder@~2.6.4:
  version "2.6.5"
  resolved "https://registry.yarnpkg.com/xmlbuilder/-/xmlbuilder-2.6.5.tgz#6ff7ad60fb72d22764f007a164b77f2bf1400526"
  integrity sha1-b/etYPty0idk8AehZLd/K/FABSY=
  dependencies:
    lodash "^3.5.0"
